<?xml version="1.0" encoding="utf-8"?>
<Project ToolsVersion="4.0" xmlns="http://schemas.microsoft.com/developer/msbuild/2003">
  <ItemGroup>
    <Filter Include="Source Files">
      <UniqueIdentifier>{4FC737F1-C7A5-4376-A066-2A32D752A2FF}</UniqueIdentifier>
      <Extensions>cpp;c;cc;cxx;def;odl;idl;hpj;bat;asm;asmx</Extensions>
    </Filter>
    <Filter Include="Header Files">
      <UniqueIdentifier>{93995380-89BD-4b04-88EB-625FBE52EBFB}</UniqueIdentifier>
      <Extensions>h;hh;hpp;hxx;hm;inl;inc;xsd</Extensions>
    </Filter>
    <Filter Include="Resource Files">
      <UniqueIdentifier>{67DA6AB6-F800-4c08-8B7A-83BB121AAD01}</UniqueIdentifier>
      <Extensions>rc;ico;cur;bmp;dlg;rc2;rct;bin;rgs;gif;jpg;jpeg;jpe;resx;tiff;tif;png;wav;mfcribbon-ms</Extensions>
    </Filter>
    <Filter Include="Header Files\Core">
      <UniqueIdentifier>{064c74f7-b33a-4b9f-9a99-5307f4c21cb5}</UniqueIdentifier>
    </Filter>
    <Filter Include="Header Files\States">
      <UniqueIdentifier>{da7c1eac-ef0b-4d34-8cf4-edd3fffed466}</UniqueIdentifier>
    </Filter>
    <Filter Include="Source Files\Core">
      <UniqueIdentifier>{864857f7-3d96-4ce4-af82-65dd86b24ded}</UniqueIdentifier>
    </Filter>
    <Filter Include="Source Files\States">
      <UniqueIdentifier>{85f8f9b2-0920-4493-9773-df35097a6963}</UniqueIdentifier>
    </Filter>
    <Filter Include="Header Files\Entities">
      <UniqueIdentifier>{a8c25d3b-be27-4f83-ac3d-40b70aa9e310}</UniqueIdentifier>
    </Filter>
    <Filter Include="Source Files\Entities">
      <UniqueIdentifier>{95c42ebb-702b-4542-a939-801000a2ce19}</UniqueIdentifier>
    </Filter>
    <Filter Include="Header Files\Entities\NPC">
      <UniqueIdentifier>{d41e7148-6e9d-460b-8b50-32139fff1195}</UniqueIdentifier>
    </Filter>
    <Filter Include="Header Files\Entities\Mob">
      <UniqueIdentifier>{116cb440-67cd-4fca-9ebe-14d5bb3cd768}</UniqueIdentifier>
    </Filter>
  </ItemGroup>
  <ItemGroup>
    <ClCompile Include="main.cpp">
      <Filter>Source Files</Filter>
    </ClCompile>
    <ClCompile Include="entity_manager.cpp">
      <Filter>Source Files\Core</Filter>
    </ClCompile>
    <ClCompile Include="entity.cpp">
      <Filter>Source Files\Core</Filter>
    </ClCompile>
    <ClCompile Include="map.cpp">
      <Filter>Source Files\Core</Filter>
    </ClCompile>
    <ClCompile Include="game_over.cpp">
      <Filter>Source Files\States</Filter>
    </ClCompile>
    <ClCompile Include="main_game.cpp">
      <Filter>Source Files\States</Filter>
    </ClCompile>
    <ClCompile Include="main_menu.cpp">
      <Filter>Source Files\States</Filter>
    </ClCompile>
    <ClCompile Include="win_screen.cpp">
      <Filter>Source Files\States</Filter>
    </ClCompile>
    <ClCompile Include="speech.cpp">
      <Filter>Source Files\Entities</Filter>
    </ClCompile>
    <ClCompile Include="base_npc.cpp">
      <Filter>Source Files\Entities</Filter>
    </ClCompile>
    <ClCompile Include="bullet.cpp">
      <Filter>Source Files\Entities</Filter>
    </ClCompile>
    <ClCompile Include="enemy.cpp">
      <Filter>Source Files\Entities</Filter>
    </ClCompile>
    <ClCompile Include="lives.cpp">
      <Filter>Source Files\Entities</Filter>
    </ClCompile>
    <ClCompile Include="main_guy.cpp">
      <Filter>Source Files\Entities</Filter>
    </ClCompile>
    <ClCompile Include="score.cpp">
      <Filter>Source Files\Entities</Filter>
    </ClCompile>
  </ItemGroup>
  <ItemGroup>
    <ClInclude Include="entity_manager.h">
      <Filter>Header Files\Core</Filter>
    </ClInclude>
    <ClInclude Include="entity.h">
      <Filter>Header Files\Core</Filter>
    </ClInclude>
    <ClInclude Include="SaveSystem.h">
      <Filter>Header Files\Core</Filter>
    </ClInclude>
    <ClInclude Include="map.h">
      <Filter>Header Files\Core</Filter>
    </ClInclude>
    <ClInclude Include="game_state.h">
      <Filter>Header Files\Core</Filter>
    </ClInclude>
    <ClInclude Include="main_game.h">
      <Filter>Header Files\States</Filter>
    </ClInclude>
    <ClInclude Include="game_over.h">
      <Filter>Header Files\States</Filter>
    </ClInclude>
    <ClInclude Include="main_menu.h">
      <Filter>Header Files\States</Filter>
    </ClInclude>
    <ClInclude Include="win_screen.h">
      <Filter>Header Files\States</Filter>
    </ClInclude>
    <ClInclude Include="base_npc.h">
      <Filter>Header Files\Entities</Filter>
    </ClInclude>
    <ClInclude Include="bullet.h">
      <Filter>Header Files\Entities</Filter>
    </ClInclude>
    <ClInclude Include="enemy.h">
      <Filter>Header Files\Entities</Filter>
    </ClInclude>
    <ClInclude Include="lives.h">
      <Filter>Header Files\Entities</Filter>
    </ClInclude>
    <ClInclude Include="main_guy.h">
      <Filter>Header Files\Entities</Filter>
    </ClInclude>
    <ClInclude Include="player_bullet.h">
      <Filter>Header Files\Entities</Filter>
    </ClInclude>
    <ClInclude Include="score.h">
      <Filter>Header Files\Entities</Filter>
    </ClInclude>
    <ClInclude Include="speech.h">
      <Filter>Header Files\Entities</Filter>
    </ClInclude>
    <ClInclude Include="npc1.h">
      <Filter>Header Files\Entities\NPC</Filter>
    </ClInclude>
    <ClInclude Include="npc2.h">
      <Filter>Header Files\Entities\NPC</Filter>
    </ClInclude>
    <ClInclude Include="mob1.h">
      <Filter>Header Files\Entities\Mob</Filter>
    </ClInclude>
    <ClInclude Include="mob2.h">
      <Filter>Header Files\Entities\Mob</Filter>
    </ClInclude>
  </ItemGroup>
</Project>